// !$*UTF8*$!
{
	archiveVersion = 1;
	classes = {
	};
	objectVersion = 56;
	objects = {

/* Begin PBXBuildFile section */
		63124AEE29C0A18900123FB3 /* git_push.swift in Sources */ = {isa = PBXBuildFile; fileRef = 63124AED29C0A18900123FB3 /* git_push.swift */; };
		63124AF029C0A20500123FB3 /* git_pull.swift in Sources */ = {isa = PBXBuildFile; fileRef = 63124AEF29C0A20500123FB3 /* git_pull.swift */; };
		63124AF229C0A25E00123FB3 /* git_fetch.swift in Sources */ = {isa = PBXBuildFile; fileRef = 63124AF129C0A25E00123FB3 /* git_fetch.swift */; };
		63124AF429C0BBF900123FB3 /* git_error.swift in Sources */ = {isa = PBXBuildFile; fileRef = 63124AF329C0BBF900123FB3 /* git_error.swift */; };
		634E5C7329BC2AAF00A2C75B /* GitHiveApp.swift in Sources */ = {isa = PBXBuildFile; fileRef = 634E5C7229BC2AAF00A2C75B /* GitHiveApp.swift */; };
		634E5C7529BC2AAF00A2C75B /* Main.swift in Sources */ = {isa = PBXBuildFile; fileRef = 634E5C7429BC2AAF00A2C75B /* Main.swift */; };
		634E5C7729BC2AB000A2C75B /* Assets.xcassets in Resources */ = {isa = PBXBuildFile; fileRef = 634E5C7629BC2AB000A2C75B /* Assets.xcassets */; };
		634E5C7A29BC2AB000A2C75B /* Preview Assets.xcassets in Resources */ = {isa = PBXBuildFile; fileRef = 634E5C7929BC2AB000A2C75B /* Preview Assets.xcassets */; };
		634E5C8229BC2B0400A2C75B /* Config.swift in Sources */ = {isa = PBXBuildFile; fileRef = 634E5C8129BC2B0400A2C75B /* Config.swift */; };
		634E5C8B29BC2BCB00A2C75B /* menu_Help.swift in Sources */ = {isa = PBXBuildFile; fileRef = 634E5C8829BC2BCB00A2C75B /* menu_Help.swift */; };
		634E5C8C29BC2BCB00A2C75B /* menu_File.swift in Sources */ = {isa = PBXBuildFile; fileRef = 634E5C8929BC2BCB00A2C75B /* menu_File.swift */; };
		634E5C8D29BC2BCB00A2C75B /* menu_Repository.swift in Sources */ = {isa = PBXBuildFile; fileRef = 634E5C8A29BC2BCB00A2C75B /* menu_Repository.swift */; };
		634E5C9429BC2D0200A2C75B /* utils_path.swift in Sources */ = {isa = PBXBuildFile; fileRef = 634E5C9029BC2D0200A2C75B /* utils_path.swift */; };
		634E5C9529BC2D0200A2C75B /* utils_os.swift in Sources */ = {isa = PBXBuildFile; fileRef = 634E5C9129BC2D0200A2C75B /* utils_os.swift */; };
		634E5C9629BC2D0200A2C75B /* utils_other.swift in Sources */ = {isa = PBXBuildFile; fileRef = 634E5C9229BC2D0200A2C75B /* utils_other.swift */; };
		634E5C9729BC2D0200A2C75B /* utils_json.swift in Sources */ = {isa = PBXBuildFile; fileRef = 634E5C9329BC2D0200A2C75B /* utils_json.swift */; };
		634E5C9929BC2D0A00A2C75B /* app_settings.swift in Sources */ = {isa = PBXBuildFile; fileRef = 634E5C9829BC2D0A00A2C75B /* app_settings.swift */; };
		634E5CA829BC2D1800A2C75B /* welcome_view.swift in Sources */ = {isa = PBXBuildFile; fileRef = 634E5C9A29BC2D1800A2C75B /* welcome_view.swift */; };
		634E5CA929BC2D1800A2C75B /* git_push_view.swift in Sources */ = {isa = PBXBuildFile; fileRef = 634E5C9B29BC2D1800A2C75B /* git_push_view.swift */; };
		634E5CAA29BC2D1800A2C75B /* git_logs_view.swift in Sources */ = {isa = PBXBuildFile; fileRef = 634E5C9C29BC2D1800A2C75B /* git_logs_view.swift */; };
		634E5CAB29BC2D1800A2C75B /* git_files_details_view.swift in Sources */ = {isa = PBXBuildFile; fileRef = 634E5C9D29BC2D1800A2C75B /* git_files_details_view.swift */; };
		634E5CAC29BC2D1800A2C75B /* git_tags_view.swift in Sources */ = {isa = PBXBuildFile; fileRef = 634E5C9E29BC2D1800A2C75B /* git_tags_view.swift */; };
		634E5CAD29BC2D1800A2C75B /* toolbar_projectinfo.swift in Sources */ = {isa = PBXBuildFile; fileRef = 634E5C9F29BC2D1800A2C75B /* toolbar_projectinfo.swift */; };
		634E5CAE29BC2D1800A2C75B /* git_files_view.swift in Sources */ = {isa = PBXBuildFile; fileRef = 634E5CA029BC2D1800A2C75B /* git_files_view.swift */; };
		634E5CAF29BC2D1800A2C75B /* toolbar_branch_view.swift in Sources */ = {isa = PBXBuildFile; fileRef = 634E5CA129BC2D1800A2C75B /* toolbar_branch_view.swift */; };
		634E5CB029BC2D1800A2C75B /* git_stash_view.swift in Sources */ = {isa = PBXBuildFile; fileRef = 634E5CA229BC2D1800A2C75B /* git_stash_view.swift */; };
		634E5CB129BC2D1800A2C75B /* git_branch_create_view.swift in Sources */ = {isa = PBXBuildFile; fileRef = 634E5CA329BC2D1800A2C75B /* git_branch_create_view.swift */; };
		634E5CB229BC2D1800A2C75B /* git_clone_view.swift in Sources */ = {isa = PBXBuildFile; fileRef = 634E5CA429BC2D1800A2C75B /* git_clone_view.swift */; };
		634E5CB329BC2D1800A2C75B /* git_pull_view.swift in Sources */ = {isa = PBXBuildFile; fileRef = 634E5CA529BC2D1800A2C75B /* git_pull_view.swift */; };
		634E5CB429BC2D1800A2C75B /* git_branch_view.swift in Sources */ = {isa = PBXBuildFile; fileRef = 634E5CA629BC2D1800A2C75B /* git_branch_view.swift */; };
		634E5CB529BC2D1800A2C75B /* git_default_view.swift in Sources */ = {isa = PBXBuildFile; fileRef = 634E5CA729BC2D1800A2C75B /* git_default_view.swift */; };
		634E5CBC29BC2D2000A2C75B /* git_log.swift in Sources */ = {isa = PBXBuildFile; fileRef = 634E5CB629BC2D2000A2C75B /* git_log.swift */; };
		634E5CBD29BC2D2000A2C75B /* git_clone.swift in Sources */ = {isa = PBXBuildFile; fileRef = 634E5CB729BC2D2000A2C75B /* git_clone.swift */; };
		634E5CBE29BC2D2000A2C75B /* git_run.swift in Sources */ = {isa = PBXBuildFile; fileRef = 634E5CB829BC2D2000A2C75B /* git_run.swift */; };
		634E5CBF29BC2D2000A2C75B /* git_action.swift in Sources */ = {isa = PBXBuildFile; fileRef = 634E5CB929BC2D2000A2C75B /* git_action.swift */; };
		634E5CC029BC2D2000A2C75B /* git_branch.swift in Sources */ = {isa = PBXBuildFile; fileRef = 634E5CBA29BC2D2000A2C75B /* git_branch.swift */; };
		634E5CC129BC2D2000A2C75B /* monitoring.swift in Sources */ = {isa = PBXBuildFile; fileRef = 634E5CBB29BC2D2000A2C75B /* monitoring.swift */; };
		634E5CCF29BC2D5A00A2C75B /* ui_styles.swift in Sources */ = {isa = PBXBuildFile; fileRef = 634E5CCB29BC2D5A00A2C75B /* ui_styles.swift */; };
		634E5CD029BC2D5A00A2C75B /* date.swift in Sources */ = {isa = PBXBuildFile; fileRef = 634E5CCC29BC2D5A00A2C75B /* date.swift */; };
		634E5CD129BC2D5A00A2C75B /* string.swift in Sources */ = {isa = PBXBuildFile; fileRef = 634E5CCD29BC2D5A00A2C75B /* string.swift */; };
		634E5CD229BC2D5A00A2C75B /* ui_view.swift in Sources */ = {isa = PBXBuildFile; fileRef = 634E5CCE29BC2D5A00A2C75B /* ui_view.swift */; };
		634E5CD429BC2E1F00A2C75B /* app-settings-view.swift in Sources */ = {isa = PBXBuildFile; fileRef = 634E5CD329BC2E1F00A2C75B /* app-settings-view.swift */; };
		634E5CD629BC2E7D00A2C75B /* open_local_repository.swift in Sources */ = {isa = PBXBuildFile; fileRef = 634E5CD529BC2E7D00A2C75B /* open_local_repository.swift */; };
		63CB38F629BDBA9F005FC613 /* git_tag.swift in Sources */ = {isa = PBXBuildFile; fileRef = 63CB38F529BDBA9F005FC613 /* git_tag.swift */; };
		63CB38F829BDC579005FC613 /* git_stash.swift in Sources */ = {isa = PBXBuildFile; fileRef = 63CB38F729BDC579005FC613 /* git_stash.swift */; };
		63F99FA929BF6612002BC6C2 /* ui_alert_with_inputbox.swift in Sources */ = {isa = PBXBuildFile; fileRef = 63F99FA829BF6612002BC6C2 /* ui_alert_with_inputbox.swift */; };
		63FF605929C20B5A002BCE44 /* git_stash_details_view.swift in Sources */ = {isa = PBXBuildFile; fileRef = 63FF605829C20B5A002BCE44 /* git_stash_details_view.swift */; };
/* End PBXBuildFile section */

/* Begin PBXFileReference section */
		63124AED29C0A18900123FB3 /* git_push.swift */ = {isa = PBXFileReference; lastKnownFileType = sourcecode.swift; path = git_push.swift; sourceTree = "<group>"; };
		63124AEF29C0A20500123FB3 /* git_pull.swift */ = {isa = PBXFileReference; lastKnownFileType = sourcecode.swift; path = git_pull.swift; sourceTree = "<group>"; };
		63124AF129C0A25E00123FB3 /* git_fetch.swift */ = {isa = PBXFileReference; lastKnownFileType = sourcecode.swift; path = git_fetch.swift; sourceTree = "<group>"; };
		63124AF329C0BBF900123FB3 /* git_error.swift */ = {isa = PBXFileReference; lastKnownFileType = sourcecode.swift; path = git_error.swift; sourceTree = "<group>"; };
		634E5C6F29BC2AAF00A2C75B /* GitHive.app */ = {isa = PBXFileReference; explicitFileType = wrapper.application; includeInIndex = 0; path = GitHive.app; sourceTree = BUILT_PRODUCTS_DIR; };
		634E5C7229BC2AAF00A2C75B /* GitHiveApp.swift */ = {isa = PBXFileReference; lastKnownFileType = sourcecode.swift; path = GitHiveApp.swift; sourceTree = "<group>"; };
		634E5C7429BC2AAF00A2C75B /* Main.swift */ = {isa = PBXFileReference; lastKnownFileType = sourcecode.swift; path = Main.swift; sourceTree = "<group>"; };
		634E5C7629BC2AB000A2C75B /* Assets.xcassets */ = {isa = PBXFileReference; lastKnownFileType = folder.assetcatalog; path = Assets.xcassets; sourceTree = "<group>"; };
		634E5C7929BC2AB000A2C75B /* Preview Assets.xcassets */ = {isa = PBXFileReference; lastKnownFileType = folder.assetcatalog; path = "Preview Assets.xcassets"; sourceTree = "<group>"; };
		634E5C7B29BC2AB000A2C75B /* GitHive.entitlements */ = {isa = PBXFileReference; lastKnownFileType = text.plist.entitlements; path = GitHive.entitlements; sourceTree = "<group>"; };
		634E5C8129BC2B0400A2C75B /* Config.swift */ = {isa = PBXFileReference; lastKnownFileType = sourcecode.swift; path = Config.swift; sourceTree = "<group>"; };
		634E5C8829BC2BCB00A2C75B /* menu_Help.swift */ = {isa = PBXFileReference; fileEncoding = 4; lastKnownFileType = sourcecode.swift; path = menu_Help.swift; sourceTree = "<group>"; };
		634E5C8929BC2BCB00A2C75B /* menu_File.swift */ = {isa = PBXFileReference; fileEncoding = 4; lastKnownFileType = sourcecode.swift; path = menu_File.swift; sourceTree = "<group>"; };
		634E5C8A29BC2BCB00A2C75B /* menu_Repository.swift */ = {isa = PBXFileReference; fileEncoding = 4; lastKnownFileType = sourcecode.swift; path = menu_Repository.swift; sourceTree = "<group>"; };
		634E5C9029BC2D0200A2C75B /* utils_path.swift */ = {isa = PBXFileReference; fileEncoding = 4; lastKnownFileType = sourcecode.swift; path = utils_path.swift; sourceTree = "<group>"; };
		634E5C9129BC2D0200A2C75B /* utils_os.swift */ = {isa = PBXFileReference; fileEncoding = 4; lastKnownFileType = sourcecode.swift; path = utils_os.swift; sourceTree = "<group>"; };
		634E5C9229BC2D0200A2C75B /* utils_other.swift */ = {isa = PBXFileReference; fileEncoding = 4; lastKnownFileType = sourcecode.swift; path = utils_other.swift; sourceTree = "<group>"; };
		634E5C9329BC2D0200A2C75B /* utils_json.swift */ = {isa = PBXFileReference; fileEncoding = 4; lastKnownFileType = sourcecode.swift; path = utils_json.swift; sourceTree = "<group>"; };
		634E5C9829BC2D0A00A2C75B /* app_settings.swift */ = {isa = PBXFileReference; fileEncoding = 4; lastKnownFileType = sourcecode.swift; path = app_settings.swift; sourceTree = "<group>"; };
		634E5C9A29BC2D1800A2C75B /* welcome_view.swift */ = {isa = PBXFileReference; fileEncoding = 4; lastKnownFileType = sourcecode.swift; path = welcome_view.swift; sourceTree = "<group>"; };
		634E5C9B29BC2D1800A2C75B /* git_push_view.swift */ = {isa = PBXFileReference; fileEncoding = 4; lastKnownFileType = sourcecode.swift; path = git_push_view.swift; sourceTree = "<group>"; };
		634E5C9C29BC2D1800A2C75B /* git_logs_view.swift */ = {isa = PBXFileReference; fileEncoding = 4; lastKnownFileType = sourcecode.swift; path = git_logs_view.swift; sourceTree = "<group>"; };
		634E5C9D29BC2D1800A2C75B /* git_files_details_view.swift */ = {isa = PBXFileReference; fileEncoding = 4; lastKnownFileType = sourcecode.swift; path = git_files_details_view.swift; sourceTree = "<group>"; };
		634E5C9E29BC2D1800A2C75B /* git_tags_view.swift */ = {isa = PBXFileReference; fileEncoding = 4; lastKnownFileType = sourcecode.swift; path = git_tags_view.swift; sourceTree = "<group>"; };
		634E5C9F29BC2D1800A2C75B /* toolbar_projectinfo.swift */ = {isa = PBXFileReference; fileEncoding = 4; lastKnownFileType = sourcecode.swift; path = toolbar_projectinfo.swift; sourceTree = "<group>"; };
		634E5CA029BC2D1800A2C75B /* git_files_view.swift */ = {isa = PBXFileReference; fileEncoding = 4; lastKnownFileType = sourcecode.swift; path = git_files_view.swift; sourceTree = "<group>"; };
		634E5CA129BC2D1800A2C75B /* toolbar_branch_view.swift */ = {isa = PBXFileReference; fileEncoding = 4; lastKnownFileType = sourcecode.swift; path = toolbar_branch_view.swift; sourceTree = "<group>"; };
		634E5CA229BC2D1800A2C75B /* git_stash_view.swift */ = {isa = PBXFileReference; fileEncoding = 4; lastKnownFileType = sourcecode.swift; path = git_stash_view.swift; sourceTree = "<group>"; };
		634E5CA329BC2D1800A2C75B /* git_branch_create_view.swift */ = {isa = PBXFileReference; fileEncoding = 4; lastKnownFileType = sourcecode.swift; path = git_branch_create_view.swift; sourceTree = "<group>"; };
		634E5CA429BC2D1800A2C75B /* git_clone_view.swift */ = {isa = PBXFileReference; fileEncoding = 4; lastKnownFileType = sourcecode.swift; path = git_clone_view.swift; sourceTree = "<group>"; };
		634E5CA529BC2D1800A2C75B /* git_pull_view.swift */ = {isa = PBXFileReference; fileEncoding = 4; lastKnownFileType = sourcecode.swift; path = git_pull_view.swift; sourceTree = "<group>"; };
		634E5CA629BC2D1800A2C75B /* git_branch_view.swift */ = {isa = PBXFileReference; fileEncoding = 4; lastKnownFileType = sourcecode.swift; path = git_branch_view.swift; sourceTree = "<group>"; };
		634E5CA729BC2D1800A2C75B /* git_default_view.swift */ = {isa = PBXFileReference; fileEncoding = 4; lastKnownFileType = sourcecode.swift; path = git_default_view.swift; sourceTree = "<group>"; };
		634E5CB629BC2D2000A2C75B /* git_log.swift */ = {isa = PBXFileReference; fileEncoding = 4; lastKnownFileType = sourcecode.swift; path = git_log.swift; sourceTree = "<group>"; };
		634E5CB729BC2D2000A2C75B /* git_clone.swift */ = {isa = PBXFileReference; fileEncoding = 4; lastKnownFileType = sourcecode.swift; path = git_clone.swift; sourceTree = "<group>"; };
		634E5CB829BC2D2000A2C75B /* git_run.swift */ = {isa = PBXFileReference; fileEncoding = 4; lastKnownFileType = sourcecode.swift; path = git_run.swift; sourceTree = "<group>"; };
		634E5CB929BC2D2000A2C75B /* git_action.swift */ = {isa = PBXFileReference; fileEncoding = 4; lastKnownFileType = sourcecode.swift; path = git_action.swift; sourceTree = "<group>"; };
		634E5CBA29BC2D2000A2C75B /* git_branch.swift */ = {isa = PBXFileReference; fileEncoding = 4; lastKnownFileType = sourcecode.swift; path = git_branch.swift; sourceTree = "<group>"; };
		634E5CBB29BC2D2000A2C75B /* monitoring.swift */ = {isa = PBXFileReference; fileEncoding = 4; lastKnownFileType = sourcecode.swift; path = monitoring.swift; sourceTree = "<group>"; };
		634E5CCB29BC2D5A00A2C75B /* ui_styles.swift */ = {isa = PBXFileReference; fileEncoding = 4; lastKnownFileType = sourcecode.swift; path = ui_styles.swift; sourceTree = "<group>"; };
		634E5CCC29BC2D5A00A2C75B /* date.swift */ = {isa = PBXFileReference; fileEncoding = 4; lastKnownFileType = sourcecode.swift; path = date.swift; sourceTree = "<group>"; };
		634E5CCD29BC2D5A00A2C75B /* string.swift */ = {isa = PBXFileReference; fileEncoding = 4; lastKnownFileType = sourcecode.swift; path = string.swift; sourceTree = "<group>"; };
		634E5CCE29BC2D5A00A2C75B /* ui_view.swift */ = {isa = PBXFileReference; fileEncoding = 4; lastKnownFileType = sourcecode.swift; path = ui_view.swift; sourceTree = "<group>"; };
		634E5CD329BC2E1F00A2C75B /* app-settings-view.swift */ = {isa = PBXFileReference; lastKnownFileType = sourcecode.swift; path = "app-settings-view.swift"; sourceTree = "<group>"; };
		634E5CD529BC2E7D00A2C75B /* open_local_repository.swift */ = {isa = PBXFileReference; fileEncoding = 4; lastKnownFileType = sourcecode.swift; path = open_local_repository.swift; sourceTree = "<group>"; };
		63CB38F529BDBA9F005FC613 /* git_tag.swift */ = {isa = PBXFileReference; lastKnownFileType = sourcecode.swift; path = git_tag.swift; sourceTree = "<group>"; };
		63CB38F729BDC579005FC613 /* git_stash.swift */ = {isa = PBXFileReference; lastKnownFileType = sourcecode.swift; path = git_stash.swift; sourceTree = "<group>"; };
		63F99FA829BF6612002BC6C2 /* ui_alert_with_inputbox.swift */ = {isa = PBXFileReference; lastKnownFileType = sourcecode.swift; path = ui_alert_with_inputbox.swift; sourceTree = "<group>"; };
		63FF605829C20B5A002BCE44 /* git_stash_details_view.swift */ = {isa = PBXFileReference; lastKnownFileType = sourcecode.swift; path = git_stash_details_view.swift; sourceTree = "<group>"; };
/* End PBXFileReference section */

/* Begin PBXFrameworksBuildPhase section */
		634E5C6C29BC2AAF00A2C75B /* Frameworks */ = {
			isa = PBXFrameworksBuildPhase;
			buildActionMask = 2147483647;
			files = (
			);
			runOnlyForDeploymentPostprocessing = 0;
		};
/* End PBXFrameworksBuildPhase section */

/* Begin PBXGroup section */
		634E5C6629BC2AAF00A2C75B = {
			isa = PBXGroup;
			children = (
				634E5C7129BC2AAF00A2C75B /* GitHive */,
				634E5C7029BC2AAF00A2C75B /* Products */,
			);
			sourceTree = "<group>";
		};
		634E5C7029BC2AAF00A2C75B /* Products */ = {
			isa = PBXGroup;
			children = (
				634E5C6F29BC2AAF00A2C75B /* GitHive.app */,
			);
			name = Products;
			sourceTree = "<group>";
		};
		634E5C7129BC2AAF00A2C75B /* GitHive */ = {
			isa = PBXGroup;
			children = (
				634E5C7B29BC2AB000A2C75B /* GitHive.entitlements */,
				634E5C8129BC2B0400A2C75B /* Config.swift */,
				634E5C7229BC2AAF00A2C75B /* GitHiveApp.swift */,
				634E5C7429BC2AAF00A2C75B /* Main.swift */,
				634E5C7629BC2AB000A2C75B /* Assets.xcassets */,
				634E5C8329BC2B6800A2C75B /* Actions */,
				634E5C8429BC2B7600A2C75B /* Extensions */,
				634E5C8E29BC2BFE00A2C75B /* Git */,
				634E5C8F29BC2C1F00A2C75B /* GitView */,
				634E5C8529BC2B7D00A2C75B /* Menu */,
				634E5C7829BC2AB000A2C75B /* Preview Content */,
				634E5C8629BC2B8800A2C75B /* Utils */,
				634E5C8729BC2B8E00A2C75B /* Views */,
			);
			path = GitHive;
			sourceTree = "<group>";
		};
		634E5C7829BC2AB000A2C75B /* Preview Content */ = {
			isa = PBXGroup;
			children = (
				634E5C7929BC2AB000A2C75B /* Preview Assets.xcassets */,
			);
			path = "Preview Content";
			sourceTree = "<group>";
		};
		634E5C8329BC2B6800A2C75B /* Actions */ = {
			isa = PBXGroup;
			children = (
				634E5CD529BC2E7D00A2C75B /* open_local_repository.swift */,
				634E5C9829BC2D0A00A2C75B /* app_settings.swift */,
			);
			path = Actions;
			sourceTree = "<group>";
		};
		634E5C8429BC2B7600A2C75B /* Extensions */ = {
			isa = PBXGroup;
			children = (
				634E5CCC29BC2D5A00A2C75B /* date.swift */,
				634E5CCD29BC2D5A00A2C75B /* string.swift */,
				63F99FA829BF6612002BC6C2 /* ui_alert_with_inputbox.swift */,
				634E5CCB29BC2D5A00A2C75B /* ui_styles.swift */,
				634E5CCE29BC2D5A00A2C75B /* ui_view.swift */,
			);
			path = Extensions;
			sourceTree = "<group>";
		};
		634E5C8529BC2B7D00A2C75B /* Menu */ = {
			isa = PBXGroup;
			children = (
				634E5C8929BC2BCB00A2C75B /* menu_File.swift */,
				634E5C8829BC2BCB00A2C75B /* menu_Help.swift */,
				634E5C8A29BC2BCB00A2C75B /* menu_Repository.swift */,
			);
			path = Menu;
			sourceTree = "<group>";
		};
		634E5C8629BC2B8800A2C75B /* Utils */ = {
			isa = PBXGroup;
			children = (
				634E5C9329BC2D0200A2C75B /* utils_json.swift */,
				634E5C9129BC2D0200A2C75B /* utils_os.swift */,
				634E5C9229BC2D0200A2C75B /* utils_other.swift */,
				634E5C9029BC2D0200A2C75B /* utils_path.swift */,
			);
			path = Utils;
			sourceTree = "<group>";
		};
		634E5C8729BC2B8E00A2C75B /* Views */ = {
			isa = PBXGroup;
			children = (
				634E5CD329BC2E1F00A2C75B /* app-settings-view.swift */,
			);
			path = Views;
			sourceTree = "<group>";
		};
		634E5C8E29BC2BFE00A2C75B /* Git */ = {
			isa = PBXGroup;
			children = (
				634E5CB929BC2D2000A2C75B /* git_action.swift */,
				634E5CBA29BC2D2000A2C75B /* git_branch.swift */,
				634E5CB729BC2D2000A2C75B /* git_clone.swift */,
				63124AF129C0A25E00123FB3 /* git_fetch.swift */,
				634E5CB629BC2D2000A2C75B /* git_log.swift */,
				63124AEF29C0A20500123FB3 /* git_pull.swift */,
				63124AED29C0A18900123FB3 /* git_push.swift */,
				634E5CB829BC2D2000A2C75B /* git_run.swift */,
				63CB38F729BDC579005FC613 /* git_stash.swift */,
				63CB38F529BDBA9F005FC613 /* git_tag.swift */,
				634E5CBB29BC2D2000A2C75B /* monitoring.swift */,
				63124AF329C0BBF900123FB3 /* git_error.swift */,
			);
			path = Git;
			sourceTree = "<group>";
		};
		634E5C8F29BC2C1F00A2C75B /* GitView */ = {
			isa = PBXGroup;
			children = (
				634E5CA329BC2D1800A2C75B /* git_branch_create_view.swift */,
				634E5CA629BC2D1800A2C75B /* git_branch_view.swift */,
				634E5CA429BC2D1800A2C75B /* git_clone_view.swift */,
				634E5CA729BC2D1800A2C75B /* git_default_view.swift */,
				634E5C9D29BC2D1800A2C75B /* git_files_details_view.swift */,
				634E5CA029BC2D1800A2C75B /* git_files_view.swift */,
				634E5C9C29BC2D1800A2C75B /* git_logs_view.swift */,
				634E5CA529BC2D1800A2C75B /* git_pull_view.swift */,
				634E5C9B29BC2D1800A2C75B /* git_push_view.swift */,
				634E5CA229BC2D1800A2C75B /* git_stash_view.swift */,
				634E5C9E29BC2D1800A2C75B /* git_tags_view.swift */,
				634E5CA129BC2D1800A2C75B /* toolbar_branch_view.swift */,
				634E5C9F29BC2D1800A2C75B /* toolbar_projectinfo.swift */,
				634E5C9A29BC2D1800A2C75B /* welcome_view.swift */,
				63FF605829C20B5A002BCE44 /* git_stash_details_view.swift */,
			);
			path = GitView;
			sourceTree = "<group>";
		};
/* End PBXGroup section */

/* Begin PBXNativeTarget section */
		634E5C6E29BC2AAF00A2C75B /* GitHive */ = {
			isa = PBXNativeTarget;
			buildConfigurationList = 634E5C7E29BC2AB000A2C75B /* Build configuration list for PBXNativeTarget "GitHive" */;
			buildPhases = (
				634E5C6B29BC2AAF00A2C75B /* Sources */,
				634E5C6C29BC2AAF00A2C75B /* Frameworks */,
				634E5C6D29BC2AAF00A2C75B /* Resources */,
			);
			buildRules = (
			);
			dependencies = (
			);
			name = GitHive;
			productName = GitHive;
			productReference = 634E5C6F29BC2AAF00A2C75B /* GitHive.app */;
			productType = "com.apple.product-type.application";
		};
/* End PBXNativeTarget section */

/* Begin PBXProject section */
		634E5C6729BC2AAF00A2C75B /* Project object */ = {
			isa = PBXProject;
			attributes = {
				BuildIndependentTargetsInParallel = 1;
				LastSwiftUpdateCheck = 1420;
				LastUpgradeCheck = 1420;
				TargetAttributes = {
					634E5C6E29BC2AAF00A2C75B = {
						CreatedOnToolsVersion = 14.2;
					};
				};
			};
			buildConfigurationList = 634E5C6A29BC2AAF00A2C75B /* Build configuration list for PBXProject "GitHive" */;
			compatibilityVersion = "Xcode 14.0";
			developmentRegion = en;
			hasScannedForEncodings = 0;
			knownRegions = (
				en,
				Base,
			);
			mainGroup = 634E5C6629BC2AAF00A2C75B;
			productRefGroup = 634E5C7029BC2AAF00A2C75B /* Products */;
			projectDirPath = "";
			projectRoot = "";
			targets = (
				634E5C6E29BC2AAF00A2C75B /* GitHive */,
			);
		};
/* End PBXProject section */

/* Begin PBXResourcesBuildPhase section */
		634E5C6D29BC2AAF00A2C75B /* Resources */ = {
			isa = PBXResourcesBuildPhase;
			buildActionMask = 2147483647;
			files = (
				634E5C7A29BC2AB000A2C75B /* Preview Assets.xcassets in Resources */,
				634E5C7729BC2AB000A2C75B /* Assets.xcassets in Resources */,
			);
			runOnlyForDeploymentPostprocessing = 0;
		};
/* End PBXResourcesBuildPhase section */

/* Begin PBXSourcesBuildPhase section */
		634E5C6B29BC2AAF00A2C75B /* Sources */ = {
			isa = PBXSourcesBuildPhase;
			buildActionMask = 2147483647;
			files = (
				634E5CBE29BC2D2000A2C75B /* git_run.swift in Sources */,
				634E5C7529BC2AAF00A2C75B /* Main.swift in Sources */,
				634E5CD629BC2E7D00A2C75B /* open_local_repository.swift in Sources */,
				634E5CAE29BC2D1800A2C75B /* git_files_view.swift in Sources */,
				634E5CBF29BC2D2000A2C75B /* git_action.swift in Sources */,
				63CB38F629BDBA9F005FC613 /* git_tag.swift in Sources */,
				63124AEE29C0A18900123FB3 /* git_push.swift in Sources */,
				63CB38F829BDC579005FC613 /* git_stash.swift in Sources */,
				63124AF229C0A25E00123FB3 /* git_fetch.swift in Sources */,
				634E5CB129BC2D1800A2C75B /* git_branch_create_view.swift in Sources */,
				634E5CBC29BC2D2000A2C75B /* git_log.swift in Sources */,
				634E5CBD29BC2D2000A2C75B /* git_clone.swift in Sources */,
				634E5CD029BC2D5A00A2C75B /* date.swift in Sources */,
				634E5CAB29BC2D1800A2C75B /* git_files_details_view.swift in Sources */,
				634E5C7329BC2AAF00A2C75B /* GitHiveApp.swift in Sources */,
				634E5C9629BC2D0200A2C75B /* utils_other.swift in Sources */,
				634E5CA829BC2D1800A2C75B /* welcome_view.swift in Sources */,
				634E5CD129BC2D5A00A2C75B /* string.swift in Sources */,
				634E5CCF29BC2D5A00A2C75B /* ui_styles.swift in Sources */,
				634E5CD229BC2D5A00A2C75B /* ui_view.swift in Sources */,
				63124AF029C0A20500123FB3 /* git_pull.swift in Sources */,
				634E5CAA29BC2D1800A2C75B /* git_logs_view.swift in Sources */,
				634E5CAF29BC2D1800A2C75B /* toolbar_branch_view.swift in Sources */,
				634E5C9429BC2D0200A2C75B /* utils_path.swift in Sources */,
				634E5CC129BC2D2000A2C75B /* monitoring.swift in Sources */,
				63FF605929C20B5A002BCE44 /* git_stash_details_view.swift in Sources */,
				634E5CC029BC2D2000A2C75B /* git_branch.swift in Sources */,
				63F99FA929BF6612002BC6C2 /* ui_alert_with_inputbox.swift in Sources */,
				634E5CB529BC2D1800A2C75B /* git_default_view.swift in Sources */,
				634E5C9529BC2D0200A2C75B /* utils_os.swift in Sources */,
				634E5CB429BC2D1800A2C75B /* git_branch_view.swift in Sources */,
				634E5CAD29BC2D1800A2C75B /* toolbar_projectinfo.swift in Sources */,
				634E5C9729BC2D0200A2C75B /* utils_json.swift in Sources */,
				634E5CD429BC2E1F00A2C75B /* app-settings-view.swift in Sources */,
				634E5C8D29BC2BCB00A2C75B /* menu_Repository.swift in Sources */,
				634E5CAC29BC2D1800A2C75B /* git_tags_view.swift in Sources */,
				63124AF429C0BBF900123FB3 /* git_error.swift in Sources */,
				634E5C8229BC2B0400A2C75B /* Config.swift in Sources */,
				634E5CB329BC2D1800A2C75B /* git_pull_view.swift in Sources */,
				634E5CB029BC2D1800A2C75B /* git_stash_view.swift in Sources */,
				634E5CB229BC2D1800A2C75B /* git_clone_view.swift in Sources */,
				634E5C8C29BC2BCB00A2C75B /* menu_File.swift in Sources */,
				634E5CA929BC2D1800A2C75B /* git_push_view.swift in Sources */,
				634E5C9929BC2D0A00A2C75B /* app_settings.swift in Sources */,
				634E5C8B29BC2BCB00A2C75B /* menu_Help.swift in Sources */,
			);
			runOnlyForDeploymentPostprocessing = 0;
		};
/* End PBXSourcesBuildPhase section */

/* Begin XCBuildConfiguration section */
		634E5C7C29BC2AB000A2C75B /* Debug */ = {
			isa = XCBuildConfiguration;
			buildSettings = {
				ALWAYS_SEARCH_USER_PATHS = NO;
				CLANG_ANALYZER_NONNULL = YES;
				CLANG_ANALYZER_NUMBER_OBJECT_CONVERSION = YES_AGGRESSIVE;
				CLANG_CXX_LANGUAGE_STANDARD = "gnu++20";
				CLANG_ENABLE_MODULES = YES;
				CLANG_ENABLE_OBJC_ARC = YES;
				CLANG_ENABLE_OBJC_WEAK = YES;
				CLANG_WARN_BLOCK_CAPTURE_AUTORELEASING = YES;
				CLANG_WARN_BOOL_CONVERSION = YES;
				CLANG_WARN_COMMA = YES;
				CLANG_WARN_CONSTANT_CONVERSION = YES;
				CLANG_WARN_DEPRECATED_OBJC_IMPLEMENTATIONS = YES;
				CLANG_WARN_DIRECT_OBJC_ISA_USAGE = YES_ERROR;
				CLANG_WARN_DOCUMENTATION_COMMENTS = YES;
				CLANG_WARN_EMPTY_BODY = YES;
				CLANG_WARN_ENUM_CONVERSION = YES;
				CLANG_WARN_INFINITE_RECURSION = YES;
				CLANG_WARN_INT_CONVERSION = YES;
				CLANG_WARN_NON_LITERAL_NULL_CONVERSION = YES;
				CLANG_WARN_OBJC_IMPLICIT_RETAIN_SELF = YES;
				CLANG_WARN_OBJC_LITERAL_CONVERSION = YES;
				CLANG_WARN_OBJC_ROOT_CLASS = YES_ERROR;
				CLANG_WARN_QUOTED_INCLUDE_IN_FRAMEWORK_HEADER = YES;
				CLANG_WARN_RANGE_LOOP_ANALYSIS = YES;
				CLANG_WARN_STRICT_PROTOTYPES = YES;
				CLANG_WARN_SUSPICIOUS_MOVE = YES;
				CLANG_WARN_UNGUARDED_AVAILABILITY = YES_AGGRESSIVE;
				CLANG_WARN_UNREACHABLE_CODE = YES;
				CLANG_WARN__DUPLICATE_METHOD_MATCH = YES;
				COPY_PHASE_STRIP = NO;
				DEBUG_INFORMATION_FORMAT = dwarf;
				ENABLE_STRICT_OBJC_MSGSEND = YES;
				ENABLE_TESTABILITY = YES;
				GCC_C_LANGUAGE_STANDARD = gnu11;
				GCC_DYNAMIC_NO_PIC = NO;
				GCC_NO_COMMON_BLOCKS = YES;
				GCC_OPTIMIZATION_LEVEL = 0;
				GCC_PREPROCESSOR_DEFINITIONS = (
					"DEBUG=1",
					"$(inherited)",
				);
				GCC_WARN_64_TO_32_BIT_CONVERSION = YES;
				GCC_WARN_ABOUT_RETURN_TYPE = YES_ERROR;
				GCC_WARN_UNDECLARED_SELECTOR = YES;
				GCC_WARN_UNINITIALIZED_AUTOS = YES_AGGRESSIVE;
				GCC_WARN_UNUSED_FUNCTION = YES;
				GCC_WARN_UNUSED_VARIABLE = YES;
				MACOSX_DEPLOYMENT_TARGET = 12.0;
				MTL_ENABLE_DEBUG_INFO = INCLUDE_SOURCE;
				MTL_FAST_MATH = YES;
				ONLY_ACTIVE_ARCH = YES;
				SDKROOT = macosx;
				SWIFT_ACTIVE_COMPILATION_CONDITIONS = DEBUG;
				SWIFT_OPTIMIZATION_LEVEL = "-Onone";
			};
			name = Debug;
		};
		634E5C7D29BC2AB000A2C75B /* Release */ = {
			isa = XCBuildConfiguration;
			buildSettings = {
				ALWAYS_SEARCH_USER_PATHS = NO;
				CLANG_ANALYZER_NONNULL = YES;
				CLANG_ANALYZER_NUMBER_OBJECT_CONVERSION = YES_AGGRESSIVE;
				CLANG_CXX_LANGUAGE_STANDARD = "gnu++20";
				CLANG_ENABLE_MODULES = YES;
				CLANG_ENABLE_OBJC_ARC = YES;
				CLANG_ENABLE_OBJC_WEAK = YES;
				CLANG_WARN_BLOCK_CAPTURE_AUTORELEASING = YES;
				CLANG_WARN_BOOL_CONVERSION = YES;
				CLANG_WARN_COMMA = YES;
				CLANG_WARN_CONSTANT_CONVERSION = YES;
				CLANG_WARN_DEPRECATED_OBJC_IMPLEMENTATIONS = YES;
				CLANG_WARN_DIRECT_OBJC_ISA_USAGE = YES_ERROR;
				CLANG_WARN_DOCUMENTATION_COMMENTS = YES;
				CLANG_WARN_EMPTY_BODY = YES;
				CLANG_WARN_ENUM_CONVERSION = YES;
				CLANG_WARN_INFINITE_RECURSION = YES;
				CLANG_WARN_INT_CONVERSION = YES;
				CLANG_WARN_NON_LITERAL_NULL_CONVERSION = YES;
				CLANG_WARN_OBJC_IMPLICIT_RETAIN_SELF = YES;
				CLANG_WARN_OBJC_LITERAL_CONVERSION = YES;
				CLANG_WARN_OBJC_ROOT_CLASS = YES_ERROR;
				CLANG_WARN_QUOTED_INCLUDE_IN_FRAMEWORK_HEADER = YES;
				CLANG_WARN_RANGE_LOOP_ANALYSIS = YES;
				CLANG_WARN_STRICT_PROTOTYPES = YES;
				CLANG_WARN_SUSPICIOUS_MOVE = YES;
				CLANG_WARN_UNGUARDED_AVAILABILITY = YES_AGGRESSIVE;
				CLANG_WARN_UNREACHABLE_CODE = YES;
				CLANG_WARN__DUPLICATE_METHOD_MATCH = YES;
				COPY_PHASE_STRIP = NO;
				DEBUG_INFORMATION_FORMAT = "dwarf-with-dsym";
				ENABLE_NS_ASSERTIONS = NO;
				ENABLE_STRICT_OBJC_MSGSEND = YES;
				GCC_C_LANGUAGE_STANDARD = gnu11;
				GCC_NO_COMMON_BLOCKS = YES;
				GCC_WARN_64_TO_32_BIT_CONVERSION = YES;
				GCC_WARN_ABOUT_RETURN_TYPE = YES_ERROR;
				GCC_WARN_UNDECLARED_SELECTOR = YES;
				GCC_WARN_UNINITIALIZED_AUTOS = YES_AGGRESSIVE;
				GCC_WARN_UNUSED_FUNCTION = YES;
				GCC_WARN_UNUSED_VARIABLE = YES;
				MACOSX_DEPLOYMENT_TARGET = 12.0;
				MTL_ENABLE_DEBUG_INFO = NO;
				MTL_FAST_MATH = YES;
				SDKROOT = macosx;
				SWIFT_COMPILATION_MODE = wholemodule;
				SWIFT_OPTIMIZATION_LEVEL = "-O";
			};
			name = Release;
		};
		634E5C7F29BC2AB000A2C75B /* Debug */ = {
			isa = XCBuildConfiguration;
			buildSettings = {
				ASSETCATALOG_COMPILER_APPICON_NAME = AppIcon;
				ASSETCATALOG_COMPILER_GLOBAL_ACCENT_COLOR_NAME = AccentColor;
				CODE_SIGN_ENTITLEMENTS = GitHive/GitHive.entitlements;
				"CODE_SIGN_IDENTITY[sdk=macosx*]" = "Apple Development";
				CODE_SIGN_STYLE = Automatic;
				COMBINE_HIDPI_IMAGES = YES;
				CURRENT_PROJECT_VERSION = 1;
				DEVELOPMENT_ASSET_PATHS = "\"GitHive/Preview Content\"";
				DEVELOPMENT_TEAM = 9RN855T24F;
				ENABLE_HARDENED_RUNTIME = YES;
				ENABLE_PREVIEWS = YES;
				GENERATE_INFOPLIST_FILE = YES;
				INFOPLIST_KEY_CFBundleDisplayName = GitHive;
				INFOPLIST_KEY_LSApplicationCategoryType = "public.app-category.developer-tools";
				INFOPLIST_KEY_NSHumanReadableCopyright = "";
				LD_RUNPATH_SEARCH_PATHS = (
					"$(inherited)",
					"@executable_path/../Frameworks",
				);
				MARKETING_VERSION = 1.0;
				PRODUCT_BUNDLE_IDENTIFIER = io.git.githive;
				PRODUCT_NAME = "$(TARGET_NAME)";
				SWIFT_EMIT_LOC_STRINGS = YES;
				SWIFT_VERSION = 5.0;
			};
			name = Debug;
		};
		634E5C8029BC2AB000A2C75B /* Release */ = {
			isa = XCBuildConfiguration;
			buildSettings = {
				ASSETCATALOG_COMPILER_APPICON_NAME = AppIcon;
				ASSETCATALOG_COMPILER_GLOBAL_ACCENT_COLOR_NAME = AccentColor;
				CODE_SIGN_ENTITLEMENTS = GitHive/GitHive.entitlements;
				"CODE_SIGN_IDENTITY[sdk=macosx*]" = "Apple Development";
				CODE_SIGN_STYLE = Automatic;
				COMBINE_HIDPI_IMAGES = YES;
				CURRENT_PROJECT_VERSION = 1;
				DEVELOPMENT_ASSET_PATHS = "\"GitHive/Preview Content\"";
				DEVELOPMENT_TEAM = 9RN855T24F;
				ENABLE_HARDENED_RUNTIME = YES;
				ENABLE_PREVIEWS = YES;
				GENERATE_INFOPLIST_FILE = YES;
				INFOPLIST_KEY_CFBundleDisplayName = GitHive;
				INFOPLIST_KEY_LSApplicationCategoryType = "public.app-category.developer-tools";
				INFOPLIST_KEY_NSHumanReadableCopyright = "";
				LD_RUNPATH_SEARCH_PATHS = (
					"$(inherited)",
					"@executable_path/../Frameworks",
				);
				MARKETING_VERSION = 1.0;
				PRODUCT_BUNDLE_IDENTIFIER = io.git.githive;
				PRODUCT_NAME = "$(TARGET_NAME)";
				SWIFT_EMIT_LOC_STRINGS = YES;
				SWIFT_VERSION = 5.0;
			};
			name = Release;
		};
/* End XCBuildConfiguration section */

/* Begin XCConfigurationList section */
		634E5C6A29BC2AAF00A2C75B /* Build configuration list for PBXProject "GitHive" */ = {
			isa = XCConfigurationList;
			buildConfigurations = (
				634E5C7C29BC2AB000A2C75B /* Debug */,
				634E5C7D29BC2AB000A2C75B /* Release */,
			);
			defaultConfigurationIsVisible = 0;
			defaultConfigurationName = Release;
		};
		634E5C7E29BC2AB000A2C75B /* Build configuration list for PBXNativeTarget "GitHive" */ = {
			isa = XCConfigurationList;
			buildConfigurations = (
				634E5C7F29BC2AB000A2C75B /* Debug */,
				634E5C8029BC2AB000A2C75B /* Release */,
			);
			defaultConfigurationIsVisible = 0;
			defaultConfigurationName = Release;
		};
/* End XCConfigurationList section */
	};
	rootObject = 634E5C6729BC2AAF00A2C75B /* Project object */;
}
